
Microsoft Visual Studio Solution File, Format Version 12.00
# Visual Studio Version 16
VisualStudioVersion = 16.0.33027.164
MinimumVisualStudioVersion = 10.0.40219.1
Project("{9A19103F-16F7-4668-BE54-9A1E7A4F7556}") = "APIGateaway", "APIGateaway\APIGateaway.csproj", "{13577EA3-EFEB-4208-8D96-13FEFAD24C2B}"
EndProject
Project("{2150E333-8FDC-42A3-9474-1A3956D46DE8}") = "Services", "Services", "{7EA9766D-CD98-43C9-836E-49A738E7FCCD}"
EndProject
Project("{9A19103F-16F7-4668-BE54-9A1E7A4F7556}") = "Contact.API", "Services\ContactAPI\Contact.API\Contact.API.csproj", "{328D5EA5-09FA-4179-A81B-C451AE72AB22}"
EndProject
Project("{9A19103F-16F7-4668-BE54-9A1E7A4F7556}") = "Reservation.API", "Services\ResAPI\Reservation.API\Reservation.API.csproj", "{4A043E65-950C-4541-BB0E-8C0BF50BDED0}"
EndProject
Project("{2150E333-8FDC-42A3-9474-1A3956D46DE8}") = "ContactAPI", "ContactAPI", "{5580B184-0F8C-4329-BC67-AA2C34307574}"
EndProject
Project("{2150E333-8FDC-42A3-9474-1A3956D46DE8}") = "ReservationAPI", "ReservationAPI", "{5289B494-45E0-4E8E-BEB2-57537BF4A630}"
EndProject
Project("{9A19103F-16F7-4668-BE54-9A1E7A4F7556}") = "Contact.API.Models", "Services\ContactAPI\Contact.API.Models\Contact.API.Models.csproj", "{047AB568-C12B-45FC-A77A-B2DF8D16A28D}"
EndProject
Project("{9A19103F-16F7-4668-BE54-9A1E7A4F7556}") = "Contact.API.Services", "Services\ContactAPI\Contact.API.Services\Contact.API.Services.csproj", "{CCADCFA0-72CA-4CB9-99D0-8DE01E0EB01A}"
EndProject
Project("{FAE04EC0-301F-11D3-BF4B-00C04F79EFBC}") = "Contact.API.Infrastructure", "Services\ContactAPI\Contact.API.Infrastructure\Contact.API.Infrastructure.csproj", "{D3917C16-4E20-42B8-9ADB-D7D7C05A65C6}"
EndProject
Project("{FAE04EC0-301F-11D3-BF4B-00C04F79EFBC}") = "Reservation.API.Infrastructure", "Services\ResAPI\Reservation.API.Infrastructure\Reservation.API.Infrastructure.csproj", "{85CD9B76-C556-49F1-AA97-76CDE925B7E2}"
EndProject
Project("{FAE04EC0-301F-11D3-BF4B-00C04F79EFBC}") = "Reservation.API.Models", "Services\ResAPI\Reservation.API.Models\Reservation.API.Models.csproj", "{F8361E25-C7B6-4546-AA55-06CDD06B4C5A}"
EndProject
Project("{FAE04EC0-301F-11D3-BF4B-00C04F79EFBC}") = "Reservation.API.Services", "Services\ResAPI\Reservation.API.Services\Reservation.API.Services.csproj", "{1F4E0D7B-4621-46A7-A7B4-45F35708C6A2}"
EndProject
Global
	GlobalSection(SolutionConfigurationPlatforms) = preSolution
		Debug|Any CPU = Debug|Any CPU
		Release|Any CPU = Release|Any CPU
	EndGlobalSection
	GlobalSection(ProjectConfigurationPlatforms) = postSolution
		{13577EA3-EFEB-4208-8D96-13FEFAD24C2B}.Debug|Any CPU.ActiveCfg = Debug|Any CPU
		{13577EA3-EFEB-4208-8D96-13FEFAD24C2B}.Debug|Any CPU.Build.0 = Debug|Any CPU
		{13577EA3-EFEB-4208-8D96-13FEFAD24C2B}.Release|Any CPU.ActiveCfg = Release|Any CPU
		{13577EA3-EFEB-4208-8D96-13FEFAD24C2B}.Release|Any CPU.Build.0 = Release|Any CPU
		{328D5EA5-09FA-4179-A81B-C451AE72AB22}.Debug|Any CPU.ActiveCfg = Debug|Any CPU
		{328D5EA5-09FA-4179-A81B-C451AE72AB22}.Debug|Any CPU.Build.0 = Debug|Any CPU
		{328D5EA5-09FA-4179-A81B-C451AE72AB22}.Release|Any CPU.ActiveCfg = Release|Any CPU
		{328D5EA5-09FA-4179-A81B-C451AE72AB22}.Release|Any CPU.Build.0 = Release|Any CPU
		{4A043E65-950C-4541-BB0E-8C0BF50BDED0}.Debug|Any CPU.ActiveCfg = Debug|Any CPU
		{4A043E65-950C-4541-BB0E-8C0BF50BDED0}.Debug|Any CPU.Build.0 = Debug|Any CPU
		{4A043E65-950C-4541-BB0E-8C0BF50BDED0}.Release|Any CPU.ActiveCfg = Release|Any CPU
		{4A043E65-950C-4541-BB0E-8C0BF50BDED0}.Release|Any CPU.Build.0 = Release|Any CPU
		{047AB568-C12B-45FC-A77A-B2DF8D16A28D}.Debug|Any CPU.ActiveCfg = Debug|Any CPU
		{047AB568-C12B-45FC-A77A-B2DF8D16A28D}.Debug|Any CPU.Build.0 = Debug|Any CPU
		{047AB568-C12B-45FC-A77A-B2DF8D16A28D}.Release|Any CPU.ActiveCfg = Release|Any CPU
		{047AB568-C12B-45FC-A77A-B2DF8D16A28D}.Release|Any CPU.Build.0 = Release|Any CPU
		{CCADCFA0-72CA-4CB9-99D0-8DE01E0EB01A}.Debug|Any CPU.ActiveCfg = Debug|Any CPU
		{CCADCFA0-72CA-4CB9-99D0-8DE01E0EB01A}.Debug|Any CPU.Build.0 = Debug|Any CPU
		{CCADCFA0-72CA-4CB9-99D0-8DE01E0EB01A}.Release|Any CPU.ActiveCfg = Release|Any CPU
		{CCADCFA0-72CA-4CB9-99D0-8DE01E0EB01A}.Release|Any CPU.Build.0 = Release|Any CPU
		{D3917C16-4E20-42B8-9ADB-D7D7C05A65C6}.Debug|Any CPU.ActiveCfg = Debug|Any CPU
		{D3917C16-4E20-42B8-9ADB-D7D7C05A65C6}.Debug|Any CPU.Build.0 = Debug|Any CPU
		{D3917C16-4E20-42B8-9ADB-D7D7C05A65C6}.Release|Any CPU.ActiveCfg = Release|Any CPU
		{D3917C16-4E20-42B8-9ADB-D7D7C05A65C6}.Release|Any CPU.Build.0 = Release|Any CPU
		{85CD9B76-C556-49F1-AA97-76CDE925B7E2}.Debug|Any CPU.ActiveCfg = Debug|Any CPU
		{85CD9B76-C556-49F1-AA97-76CDE925B7E2}.Debug|Any CPU.Build.0 = Debug|Any CPU
		{85CD9B76-C556-49F1-AA97-76CDE925B7E2}.Release|Any CPU.ActiveCfg = Release|Any CPU
		{85CD9B76-C556-49F1-AA97-76CDE925B7E2}.Release|Any CPU.Build.0 = Release|Any CPU
		{F8361E25-C7B6-4546-AA55-06CDD06B4C5A}.Debug|Any CPU.ActiveCfg = Debug|Any CPU
		{F8361E25-C7B6-4546-AA55-06CDD06B4C5A}.Debug|Any CPU.Build.0 = Debug|Any CPU
		{F8361E25-C7B6-4546-AA55-06CDD06B4C5A}.Release|Any CPU.ActiveCfg = Release|Any CPU
		{F8361E25-C7B6-4546-AA55-06CDD06B4C5A}.Release|Any CPU.Build.0 = Release|Any CPU
		{1F4E0D7B-4621-46A7-A7B4-45F35708C6A2}.Debug|Any CPU.ActiveCfg = Debug|Any CPU
		{1F4E0D7B-4621-46A7-A7B4-45F35708C6A2}.Debug|Any CPU.Build.0 = Debug|Any CPU
		{1F4E0D7B-4621-46A7-A7B4-45F35708C6A2}.Release|Any CPU.ActiveCfg = Release|Any CPU
		{1F4E0D7B-4621-46A7-A7B4-45F35708C6A2}.Release|Any CPU.Build.0 = Release|Any CPU
	EndGlobalSection
	GlobalSection(SolutionProperties) = preSolution
		HideSolutionNode = FALSE
	EndGlobalSection
	GlobalSection(NestedProjects) = preSolution
		{328D5EA5-09FA-4179-A81B-C451AE72AB22} = {5580B184-0F8C-4329-BC67-AA2C34307574}
		{4A043E65-950C-4541-BB0E-8C0BF50BDED0} = {5289B494-45E0-4E8E-BEB2-57537BF4A630}
		{5580B184-0F8C-4329-BC67-AA2C34307574} = {7EA9766D-CD98-43C9-836E-49A738E7FCCD}
		{5289B494-45E0-4E8E-BEB2-57537BF4A630} = {7EA9766D-CD98-43C9-836E-49A738E7FCCD}
		{047AB568-C12B-45FC-A77A-B2DF8D16A28D} = {5580B184-0F8C-4329-BC67-AA2C34307574}
		{CCADCFA0-72CA-4CB9-99D0-8DE01E0EB01A} = {5580B184-0F8C-4329-BC67-AA2C34307574}
		{D3917C16-4E20-42B8-9ADB-D7D7C05A65C6} = {5580B184-0F8C-4329-BC67-AA2C34307574}
		{85CD9B76-C556-49F1-AA97-76CDE925B7E2} = {5289B494-45E0-4E8E-BEB2-57537BF4A630}
		{F8361E25-C7B6-4546-AA55-06CDD06B4C5A} = {5289B494-45E0-4E8E-BEB2-57537BF4A630}
		{1F4E0D7B-4621-46A7-A7B4-45F35708C6A2} = {5289B494-45E0-4E8E-BEB2-57537BF4A630}
	EndGlobalSection
	GlobalSection(ExtensibilityGlobals) = postSolution
		SolutionGuid = {FAABB2AF-0357-4973-B7AE-185157DD805A}
	EndGlobalSection
EndGlobal
